// !$*UTF8*$!
{
	archiveVersion = 1;
	classes = {
	};
	objectVersion = 46;
	objects = {

/* Begin PBXBuildFile section */
		4EBFEBF35FF51D615AD52A92 /* Pods_CurrencyConvertorPOC.framework in Frameworks */ = {isa = PBXBuildFile; fileRef = 3B4BEC908FCD1E545657FC8B /* Pods_CurrencyConvertorPOC.framework */; };
		F765B7CF1FCDEF2E008DA19B /* AppDelegate.swift in Sources */ = {isa = PBXBuildFile; fileRef = F765B7CE1FCDEF2E008DA19B /* AppDelegate.swift */; };
		F765B7D41FCDEF2E008DA19B /* Main.storyboard in Resources */ = {isa = PBXBuildFile; fileRef = F765B7D21FCDEF2E008DA19B /* Main.storyboard */; };
		F765B7D71FCDEF2E008DA19B /* CurrencyConvertorPOC.xcdatamodeld in Sources */ = {isa = PBXBuildFile; fileRef = F765B7D51FCDEF2E008DA19B /* CurrencyConvertorPOC.xcdatamodeld */; };
		F765B7D91FCDEF2E008DA19B /* Assets.xcassets in Resources */ = {isa = PBXBuildFile; fileRef = F765B7D81FCDEF2E008DA19B /* Assets.xcassets */; };
		F765B7DC1FCDEF2E008DA19B /* LaunchScreen.storyboard in Resources */ = {isa = PBXBuildFile; fileRef = F765B7DA1FCDEF2E008DA19B /* LaunchScreen.storyboard */; };
		F765B7E71FCDEF2E008DA19B /* CurrencyConvertorPOCTests.swift in Sources */ = {isa = PBXBuildFile; fileRef = F765B7E61FCDEF2E008DA19B /* CurrencyConvertorPOCTests.swift */; };
		F765B7F21FCDEF2E008DA19B /* CurrencyConvertorPOCUITests.swift in Sources */ = {isa = PBXBuildFile; fileRef = F765B7F11FCDEF2E008DA19B /* CurrencyConvertorPOCUITests.swift */; };
		F765B8221FCE21F5008DA19B /* ViewController.swift in Sources */ = {isa = PBXBuildFile; fileRef = F765B8211FCE21F5008DA19B /* ViewController.swift */; };
		F797B05A1FCF298300B5EF48 /* BalanceSummaryView+DataSource.swift in Sources */ = {isa = PBXBuildFile; fileRef = F797B0561FCF298300B5EF48 /* BalanceSummaryView+DataSource.swift */; };
		F797B05B1FCF298300B5EF48 /* BalanceSummaryView.swift in Sources */ = {isa = PBXBuildFile; fileRef = F797B0571FCF298300B5EF48 /* BalanceSummaryView.swift */; };
		F797B05C1FCF298300B5EF48 /* BalanceSummaryView.xib in Resources */ = {isa = PBXBuildFile; fileRef = F797B0581FCF298300B5EF48 /* BalanceSummaryView.xib */; };
		F797B05D1FCF298300B5EF48 /* BalanceSummaryViewModel.swift in Sources */ = {isa = PBXBuildFile; fileRef = F797B0591FCF298300B5EF48 /* BalanceSummaryViewModel.swift */; };
		F7C2DC7D1FCF328D003733D7 /* AppConstants.swift in Sources */ = {isa = PBXBuildFile; fileRef = F7C2DC7B1FCF328D003733D7 /* AppConstants.swift */; };
		F7C2DC7E1FCF328D003733D7 /* Styler.swift in Sources */ = {isa = PBXBuildFile; fileRef = F7C2DC7C1FCF328D003733D7 /* Styler.swift */; };
		F7C2DC831FCF34BA003733D7 /* ServerAPIInteractor.swift in Sources */ = {isa = PBXBuildFile; fileRef = F7C2DC821FCF34BA003733D7 /* ServerAPIInteractor.swift */; };
		F7C2DC851FCF3874003733D7 /* CurrencyTransactionManager.swift in Sources */ = {isa = PBXBuildFile; fileRef = F7C2DC841FCF3874003733D7 /* CurrencyTransactionManager.swift */; };
		F7C2DC871FCF389D003733D7 /* SharedTransactionHistory.swift in Sources */ = {isa = PBXBuildFile; fileRef = F7C2DC861FCF389D003733D7 /* SharedTransactionHistory.swift */; };
		F7C2DC891FCF3B38003733D7 /* ViewControllerPageViewModel.swift in Sources */ = {isa = PBXBuildFile; fileRef = F7C2DC881FCF3B38003733D7 /* ViewControllerPageViewModel.swift */; };
		F7C2DC8B1FCF46E0003733D7 /* BalanceSummaryCell.swift in Sources */ = {isa = PBXBuildFile; fileRef = F7C2DC8A1FCF46E0003733D7 /* BalanceSummaryCell.swift */; };
		F7C2DC8E1FCF5D34003733D7 /* CustomSliderView.xib in Resources */ = {isa = PBXBuildFile; fileRef = F7C2DC8D1FCF5D34003733D7 /* CustomSliderView.xib */; };
		F7C2DC901FCF5F2A003733D7 /* CustomSliderView.swift in Sources */ = {isa = PBXBuildFile; fileRef = F7C2DC8F1FCF5F2A003733D7 /* CustomSliderView.swift */; };
		F7C2DC921FCF619F003733D7 /* CustomSliderViewModel.swift in Sources */ = {isa = PBXBuildFile; fileRef = F7C2DC911FCF619F003733D7 /* CustomSliderViewModel.swift */; };
		F7C2DC941FCF61C7003733D7 /* CustomeSliderView+DataSource.swift in Sources */ = {isa = PBXBuildFile; fileRef = F7C2DC931FCF61C7003733D7 /* CustomeSliderView+DataSource.swift */; };
		F7C2DC961FCF63D4003733D7 /* CustomSliderCell.swift in Sources */ = {isa = PBXBuildFile; fileRef = F7C2DC951FCF63D4003733D7 /* CustomSliderCell.swift */; };
/* End PBXBuildFile section */

/* Begin PBXContainerItemProxy section */
		F765B7E31FCDEF2E008DA19B /* PBXContainerItemProxy */ = {
			isa = PBXContainerItemProxy;
			containerPortal = F765B7C31FCDEF2E008DA19B /* Project object */;
			proxyType = 1;
			remoteGlobalIDString = F765B7CA1FCDEF2E008DA19B;
			remoteInfo = CurrencyConvertorPOC;
		};
		F765B7EE1FCDEF2E008DA19B /* PBXContainerItemProxy */ = {
			isa = PBXContainerItemProxy;
			containerPortal = F765B7C31FCDEF2E008DA19B /* Project object */;
			proxyType = 1;
			remoteGlobalIDString = F765B7CA1FCDEF2E008DA19B;
			remoteInfo = CurrencyConvertorPOC;
		};
/* End PBXContainerItemProxy section */

/* Begin PBXFileReference section */
		3B4BEC908FCD1E545657FC8B /* Pods_CurrencyConvertorPOC.framework */ = {isa = PBXFileReference; explicitFileType = wrapper.framework; includeInIndex = 0; path = Pods_CurrencyConvertorPOC.framework; sourceTree = BUILT_PRODUCTS_DIR; };
		90230F8CBD8CA181C3E6FB93 /* Pods-CurrencyConvertorPOC.debug.xcconfig */ = {isa = PBXFileReference; includeInIndex = 1; lastKnownFileType = text.xcconfig; name = "Pods-CurrencyConvertorPOC.debug.xcconfig"; path = "Pods/Target Support Files/Pods-CurrencyConvertorPOC/Pods-CurrencyConvertorPOC.debug.xcconfig"; sourceTree = "<group>"; };
		BA96F5C919BEF0B97685B876 /* Pods-CurrencyConvertorPOC.release.xcconfig */ = {isa = PBXFileReference; includeInIndex = 1; lastKnownFileType = text.xcconfig; name = "Pods-CurrencyConvertorPOC.release.xcconfig"; path = "Pods/Target Support Files/Pods-CurrencyConvertorPOC/Pods-CurrencyConvertorPOC.release.xcconfig"; sourceTree = "<group>"; };
		F765B7CB1FCDEF2E008DA19B /* CurrencyConvertorPOC.app */ = {isa = PBXFileReference; explicitFileType = wrapper.application; includeInIndex = 0; path = CurrencyConvertorPOC.app; sourceTree = BUILT_PRODUCTS_DIR; };
		F765B7CE1FCDEF2E008DA19B /* AppDelegate.swift */ = {isa = PBXFileReference; lastKnownFileType = sourcecode.swift; path = AppDelegate.swift; sourceTree = "<group>"; };
		F765B7D31FCDEF2E008DA19B /* Base */ = {isa = PBXFileReference; lastKnownFileType = file.storyboard; name = Base; path = Base.lproj/Main.storyboard; sourceTree = "<group>"; };
		F765B7D61FCDEF2E008DA19B /* CurrencyConvertorPOC.xcdatamodel */ = {isa = PBXFileReference; lastKnownFileType = wrapper.xcdatamodel; path = CurrencyConvertorPOC.xcdatamodel; sourceTree = "<group>"; };
		F765B7D81FCDEF2E008DA19B /* Assets.xcassets */ = {isa = PBXFileReference; lastKnownFileType = folder.assetcatalog; path = Assets.xcassets; sourceTree = "<group>"; };
		F765B7DB1FCDEF2E008DA19B /* Base */ = {isa = PBXFileReference; lastKnownFileType = file.storyboard; name = Base; path = Base.lproj/LaunchScreen.storyboard; sourceTree = "<group>"; };
		F765B7DD1FCDEF2E008DA19B /* Info.plist */ = {isa = PBXFileReference; lastKnownFileType = text.plist.xml; path = Info.plist; sourceTree = "<group>"; };
		F765B7E21FCDEF2E008DA19B /* CurrencyConvertorPOCTests.xctest */ = {isa = PBXFileReference; explicitFileType = wrapper.cfbundle; includeInIndex = 0; path = CurrencyConvertorPOCTests.xctest; sourceTree = BUILT_PRODUCTS_DIR; };
		F765B7E61FCDEF2E008DA19B /* CurrencyConvertorPOCTests.swift */ = {isa = PBXFileReference; lastKnownFileType = sourcecode.swift; path = CurrencyConvertorPOCTests.swift; sourceTree = "<group>"; };
		F765B7E81FCDEF2E008DA19B /* Info.plist */ = {isa = PBXFileReference; lastKnownFileType = text.plist.xml; path = Info.plist; sourceTree = "<group>"; };
		F765B7ED1FCDEF2E008DA19B /* CurrencyConvertorPOCUITests.xctest */ = {isa = PBXFileReference; explicitFileType = wrapper.cfbundle; includeInIndex = 0; path = CurrencyConvertorPOCUITests.xctest; sourceTree = BUILT_PRODUCTS_DIR; };
		F765B7F11FCDEF2E008DA19B /* CurrencyConvertorPOCUITests.swift */ = {isa = PBXFileReference; lastKnownFileType = sourcecode.swift; path = CurrencyConvertorPOCUITests.swift; sourceTree = "<group>"; };
		F765B7F31FCDEF2E008DA19B /* Info.plist */ = {isa = PBXFileReference; lastKnownFileType = text.plist.xml; path = Info.plist; sourceTree = "<group>"; };
		F765B8211FCE21F5008DA19B /* ViewController.swift */ = {isa = PBXFileReference; fileEncoding = 4; lastKnownFileType = sourcecode.swift; path = ViewController.swift; sourceTree = "<group>"; };
		F797B0561FCF298300B5EF48 /* BalanceSummaryView+DataSource.swift */ = {isa = PBXFileReference; fileEncoding = 4; lastKnownFileType = sourcecode.swift; path = "BalanceSummaryView+DataSource.swift"; sourceTree = "<group>"; };
		F797B0571FCF298300B5EF48 /* BalanceSummaryView.swift */ = {isa = PBXFileReference; fileEncoding = 4; lastKnownFileType = sourcecode.swift; path = BalanceSummaryView.swift; sourceTree = "<group>"; };
		F797B0581FCF298300B5EF48 /* BalanceSummaryView.xib */ = {isa = PBXFileReference; fileEncoding = 4; lastKnownFileType = file.xib; path = BalanceSummaryView.xib; sourceTree = "<group>"; };
		F797B0591FCF298300B5EF48 /* BalanceSummaryViewModel.swift */ = {isa = PBXFileReference; fileEncoding = 4; lastKnownFileType = sourcecode.swift; path = BalanceSummaryViewModel.swift; sourceTree = "<group>"; };
		F7C2DC7B1FCF328D003733D7 /* AppConstants.swift */ = {isa = PBXFileReference; fileEncoding = 4; lastKnownFileType = sourcecode.swift; path = AppConstants.swift; sourceTree = "<group>"; };
		F7C2DC7C1FCF328D003733D7 /* Styler.swift */ = {isa = PBXFileReference; fileEncoding = 4; lastKnownFileType = sourcecode.swift; path = Styler.swift; sourceTree = "<group>"; };
		F7C2DC821FCF34BA003733D7 /* ServerAPIInteractor.swift */ = {isa = PBXFileReference; fileEncoding = 4; lastKnownFileType = sourcecode.swift; path = ServerAPIInteractor.swift; sourceTree = "<group>"; };
		F7C2DC841FCF3874003733D7 /* CurrencyTransactionManager.swift */ = {isa = PBXFileReference; fileEncoding = 4; lastKnownFileType = sourcecode.swift; path = CurrencyTransactionManager.swift; sourceTree = "<group>"; };
		F7C2DC861FCF389D003733D7 /* SharedTransactionHistory.swift */ = {isa = PBXFileReference; fileEncoding = 4; lastKnownFileType = sourcecode.swift; path = SharedTransactionHistory.swift; sourceTree = "<group>"; };
		F7C2DC881FCF3B38003733D7 /* ViewControllerPageViewModel.swift */ = {isa = PBXFileReference; fileEncoding = 4; lastKnownFileType = sourcecode.swift; path = ViewControllerPageViewModel.swift; sourceTree = "<group>"; };
		F7C2DC8A1FCF46E0003733D7 /* BalanceSummaryCell.swift */ = {isa = PBXFileReference; fileEncoding = 4; lastKnownFileType = sourcecode.swift; path = BalanceSummaryCell.swift; sourceTree = "<group>"; };
		F7C2DC8D1FCF5D34003733D7 /* CustomSliderView.xib */ = {isa = PBXFileReference; fileEncoding = 4; lastKnownFileType = file.xib; path = CustomSliderView.xib; sourceTree = "<group>"; };
		F7C2DC8F1FCF5F2A003733D7 /* CustomSliderView.swift */ = {isa = PBXFileReference; fileEncoding = 4; lastKnownFileType = sourcecode.swift; path = CustomSliderView.swift; sourceTree = "<group>"; };
		F7C2DC911FCF619F003733D7 /* CustomSliderViewModel.swift */ = {isa = PBXFileReference; fileEncoding = 4; lastKnownFileType = sourcecode.swift; path = CustomSliderViewModel.swift; sourceTree = "<group>"; };
		F7C2DC931FCF61C7003733D7 /* CustomeSliderView+DataSource.swift */ = {isa = PBXFileReference; fileEncoding = 4; lastKnownFileType = sourcecode.swift; path = "CustomeSliderView+DataSource.swift"; sourceTree = "<group>"; };
		F7C2DC951FCF63D4003733D7 /* CustomSliderCell.swift */ = {isa = PBXFileReference; fileEncoding = 4; lastKnownFileType = sourcecode.swift; path = CustomSliderCell.swift; sourceTree = "<group>"; };
/* End PBXFileReference section */

/* Begin PBXFrameworksBuildPhase section */
		F765B7C81FCDEF2E008DA19B /* Frameworks */ = {
			isa = PBXFrameworksBuildPhase;
			buildActionMask = 2147483647;
			files = (
				4EBFEBF35FF51D615AD52A92 /* Pods_CurrencyConvertorPOC.framework in Frameworks */,
			);
			runOnlyForDeploymentPostprocessing = 0;
		};
		F765B7DF1FCDEF2E008DA19B /* Frameworks */ = {
			isa = PBXFrameworksBuildPhase;
			buildActionMask = 2147483647;
			files = (
			);
			runOnlyForDeploymentPostprocessing = 0;
		};
		F765B7EA1FCDEF2E008DA19B /* Frameworks */ = {
			isa = PBXFrameworksBuildPhase;
			buildActionMask = 2147483647;
			files = (
			);
			runOnlyForDeploymentPostprocessing = 0;
		};
/* End PBXFrameworksBuildPhase section */

/* Begin PBXGroup section */
		33CFF1B37B99634125121750 /* Frameworks */ = {
			isa = PBXGroup;
			children = (
				3B4BEC908FCD1E545657FC8B /* Pods_CurrencyConvertorPOC.framework */,
			);
			name = Frameworks;
			sourceTree = "<group>";
		};
		8ECA1B47F8BA466222285EEC /* Pods */ = {
			isa = PBXGroup;
			children = (
				90230F8CBD8CA181C3E6FB93 /* Pods-CurrencyConvertorPOC.debug.xcconfig */,
				BA96F5C919BEF0B97685B876 /* Pods-CurrencyConvertorPOC.release.xcconfig */,
			);
			name = Pods;
			sourceTree = "<group>";
		};
		F765B7C21FCDEF2E008DA19B = {
			isa = PBXGroup;
			children = (
				F765B7CD1FCDEF2E008DA19B /* CurrencyConvertorPOC */,
				F7C2DC801FCF32DA003733D7 /* AppConfig */,
				F7C2DC7A1FCF328D003733D7 /* Utils */,
				F765B80B1FCDFA2D008DA19B /* StoryBoards */,
				F765B80C1FCDFB7A008DA19B /* Resources */,
				F7C2DC811FCF3309003733D7 /* TestCases */,
				F765B7CC1FCDEF2E008DA19B /* Products */,
				8ECA1B47F8BA466222285EEC /* Pods */,
				33CFF1B37B99634125121750 /* Frameworks */,
			);
			sourceTree = "<group>";
		};
		F765B7CC1FCDEF2E008DA19B /* Products */ = {
			isa = PBXGroup;
			children = (
				F765B7CB1FCDEF2E008DA19B /* CurrencyConvertorPOC.app */,
				F765B7E21FCDEF2E008DA19B /* CurrencyConvertorPOCTests.xctest */,
				F765B7ED1FCDEF2E008DA19B /* CurrencyConvertorPOCUITests.xctest */,
			);
			name = Products;
			sourceTree = "<group>";
		};
		F765B7CD1FCDEF2E008DA19B /* CurrencyConvertorPOC */ = {
			isa = PBXGroup;
			children = (
				F7C2DC7F1FCF32AE003733D7 /* Models */,
				F765B8261FCE23D3008DA19B /* Views */,
				F765B8201FCE21F5008DA19B /* ViewControllers */,
				F765B8251FCE23D3008DA19B /* ViewModels */,
				F797B0541FCF298300B5EF48 /* ReusableComponents */,
				F7C2DC841FCF3874003733D7 /* CurrencyTransactionManager.swift */,
				F7C2DC861FCF389D003733D7 /* SharedTransactionHistory.swift */,
			);
			path = CurrencyConvertorPOC;
			sourceTree = "<group>";
		};
		F765B7E51FCDEF2E008DA19B /* CurrencyConvertorPOCTests */ = {
			isa = PBXGroup;
			children = (
				F765B7E61FCDEF2E008DA19B /* CurrencyConvertorPOCTests.swift */,
				F765B7E81FCDEF2E008DA19B /* Info.plist */,
			);
			path = CurrencyConvertorPOCTests;
			sourceTree = "<group>";
		};
		F765B7F01FCDEF2E008DA19B /* CurrencyConvertorPOCUITests */ = {
			isa = PBXGroup;
			children = (
				F765B7F11FCDEF2E008DA19B /* CurrencyConvertorPOCUITests.swift */,
				F765B7F31FCDEF2E008DA19B /* Info.plist */,
			);
			path = CurrencyConvertorPOCUITests;
			sourceTree = "<group>";
		};
		F765B80B1FCDFA2D008DA19B /* StoryBoards */ = {
			isa = PBXGroup;
			children = (
				F765B7DA1FCDEF2E008DA19B /* LaunchScreen.storyboard */,
				F765B7D21FCDEF2E008DA19B /* Main.storyboard */,
			);
			name = StoryBoards;
			path = CurrencyConvertorPOC;
			sourceTree = "<group>";
		};
		F765B80C1FCDFB7A008DA19B /* Resources */ = {
			isa = PBXGroup;
			children = (
				F765B7D81FCDEF2E008DA19B /* Assets.xcassets */,
				F765B7DD1FCDEF2E008DA19B /* Info.plist */,
				F765B7D51FCDEF2E008DA19B /* CurrencyConvertorPOC.xcdatamodeld */,
			);
			name = Resources;
			path = CurrencyConvertorPOC;
			sourceTree = "<group>";
		};
		F765B8201FCE21F5008DA19B /* ViewControllers */ = {
			isa = PBXGroup;
			children = (
				F765B8211FCE21F5008DA19B /* ViewController.swift */,
			);
			path = ViewControllers;
			sourceTree = "<group>";
		};
		F765B8251FCE23D3008DA19B /* ViewModels */ = {
			isa = PBXGroup;
			children = (
				F7C2DC881FCF3B38003733D7 /* ViewControllerPageViewModel.swift */,
			);
			path = ViewModels;
			sourceTree = "<group>";
		};
		F765B8261FCE23D3008DA19B /* Views */ = {
			isa = PBXGroup;
			children = (
				F7C2DC8A1FCF46E0003733D7 /* BalanceSummaryCell.swift */,
				F7C2DC951FCF63D4003733D7 /* CustomSliderCell.swift */,
			);
			path = Views;
			sourceTree = "<group>";
		};
		F797B0541FCF298300B5EF48 /* ReusableComponents */ = {
			isa = PBXGroup;
			children = (
				F7C2DC8C1FCF5D21003733D7 /* CustomSliderView */,
				F797B0551FCF298300B5EF48 /* BalanceSummaryView */,
			);
			path = ReusableComponents;
			sourceTree = "<group>";
		};
		F797B0551FCF298300B5EF48 /* BalanceSummaryView */ = {
			isa = PBXGroup;
			children = (
				F797B0561FCF298300B5EF48 /* BalanceSummaryView+DataSource.swift */,
				F797B0571FCF298300B5EF48 /* BalanceSummaryView.swift */,
				F797B0581FCF298300B5EF48 /* BalanceSummaryView.xib */,
				F797B0591FCF298300B5EF48 /* BalanceSummaryViewModel.swift */,
			);
			path = BalanceSummaryView;
			sourceTree = "<group>";
		};
		F7C2DC7A1FCF328D003733D7 /* Utils */ = {
			isa = PBXGroup;
			children = (
				F7C2DC7B1FCF328D003733D7 /* AppConstants.swift */,
				F7C2DC821FCF34BA003733D7 /* ServerAPIInteractor.swift */,
				F7C2DC7C1FCF328D003733D7 /* Styler.swift */,
			);
			name = Utils;
			path = CurrencyConvertorPOC/Utils;
			sourceTree = "<group>";
		};
		F7C2DC7F1FCF32AE003733D7 /* Models */ = {
			isa = PBXGroup;
			children = (
			);
			path = Models;
			sourceTree = "<group>";
		};
		F7C2DC801FCF32DA003733D7 /* AppConfig */ = {
			isa = PBXGroup;
			children = (
				F765B7CE1FCDEF2E008DA19B /* AppDelegate.swift */,
			);
			name = AppConfig;
			path = CurrencyConvertorPOC;
			sourceTree = "<group>";
		};
		F7C2DC811FCF3309003733D7 /* TestCases */ = {
			isa = PBXGroup;
			children = (
				F765B7E51FCDEF2E008DA19B /* CurrencyConvertorPOCTests */,
				F765B7F01FCDEF2E008DA19B /* CurrencyConvertorPOCUITests */,
			);
			name = TestCases;
			sourceTree = "<group>";
		};
		F7C2DC8C1FCF5D21003733D7 /* CustomSliderView */ = {
			isa = PBXGroup;
			children = (
				F7C2DC8D1FCF5D34003733D7 /* CustomSliderView.xib */,
				F7C2DC8F1FCF5F2A003733D7 /* CustomSliderView.swift */,
				F7C2DC931FCF61C7003733D7 /* CustomeSliderView+DataSource.swift */,
				F7C2DC911FCF619F003733D7 /* CustomSliderViewModel.swift */,
			);
			path = CustomSliderView;
			sourceTree = "<group>";
		};
/* End PBXGroup section */

/* Begin PBXNativeTarget section */
		F765B7CA1FCDEF2E008DA19B /* CurrencyConvertorPOC */ = {
			isa = PBXNativeTarget;
			buildConfigurationList = F765B7F61FCDEF2E008DA19B /* Build configuration list for PBXNativeTarget "CurrencyConvertorPOC" */;
			buildPhases = (
				D002183875BDF9003B58D3C1 /* [CP] Check Pods Manifest.lock */,
				F765B7C71FCDEF2E008DA19B /* Sources */,
				F765B7C81FCDEF2E008DA19B /* Frameworks */,
				F765B7C91FCDEF2E008DA19B /* Resources */,
				3B639699D2541105DB4E694E /* [CP] Embed Pods Frameworks */,
				85DFC8749715E0279CDED55D /* [CP] Copy Pods Resources */,
			);
			buildRules = (
			);
			dependencies = (
			);
			name = CurrencyConvertorPOC;
			productName = CurrencyConvertorPOC;
			productReference = F765B7CB1FCDEF2E008DA19B /* CurrencyConvertorPOC.app */;
			productType = "com.apple.product-type.application";
		};
		F765B7E11FCDEF2E008DA19B /* CurrencyConvertorPOCTests */ = {
			isa = PBXNativeTarget;
			buildConfigurationList = F765B7F91FCDEF2E008DA19B /* Build configuration list for PBXNativeTarget "CurrencyConvertorPOCTests" */;
			buildPhases = (
				F765B7DE1FCDEF2E008DA19B /* Sources */,
				F765B7DF1FCDEF2E008DA19B /* Frameworks */,
				F765B7E01FCDEF2E008DA19B /* Resources */,
			);
			buildRules = (
			);
			dependencies = (
				F765B7E41FCDEF2E008DA19B /* PBXTargetDependency */,
			);
			name = CurrencyConvertorPOCTests;
			productName = CurrencyConvertorPOCTests;
			productReference = F765B7E21FCDEF2E008DA19B /* CurrencyConvertorPOCTests.xctest */;
			productType = "com.apple.product-type.bundle.unit-test";
		};
		F765B7EC1FCDEF2E008DA19B /* CurrencyConvertorPOCUITests */ = {
			isa = PBXNativeTarget;
			buildConfigurationList = F765B7FC1FCDEF2E008DA19B /* Build configuration list for PBXNativeTarget "CurrencyConvertorPOCUITests" */;
			buildPhases = (
				F765B7E91FCDEF2E008DA19B /* Sources */,
				F765B7EA1FCDEF2E008DA19B /* Frameworks */,
				F765B7EB1FCDEF2E008DA19B /* Resources */,
			);
			buildRules = (
			);
			dependencies = (
				F765B7EF1FCDEF2E008DA19B /* PBXTargetDependency */,
			);
			name = CurrencyConvertorPOCUITests;
			productName = CurrencyConvertorPOCUITests;
			productReference = F765B7ED1FCDEF2E008DA19B /* CurrencyConvertorPOCUITests.xctest */;
			productType = "com.apple.product-type.bundle.ui-testing";
		};
/* End PBXNativeTarget section */

/* Begin PBXProject section */
		F765B7C31FCDEF2E008DA19B /* Project object */ = {
			isa = PBXProject;
			attributes = {
				LastSwiftUpdateCheck = 0830;
				LastUpgradeCheck = 0830;
				ORGANIZATIONNAME = Nicson;
				TargetAttributes = {
					F765B7CA1FCDEF2E008DA19B = {
						CreatedOnToolsVersion = 8.3.3;
						DevelopmentTeam = 9858M75RBY;
						ProvisioningStyle = Automatic;
					};
					F765B7E11FCDEF2E008DA19B = {
						CreatedOnToolsVersion = 8.3.3;
						DevelopmentTeam = 9858M75RBY;
						ProvisioningStyle = Automatic;
						TestTargetID = F765B7CA1FCDEF2E008DA19B;
					};
					F765B7EC1FCDEF2E008DA19B = {
						CreatedOnToolsVersion = 8.3.3;
						DevelopmentTeam = 9858M75RBY;
						ProvisioningStyle = Automatic;
						TestTargetID = F765B7CA1FCDEF2E008DA19B;
					};
				};
			};
			buildConfigurationList = F765B7C61FCDEF2E008DA19B /* Build configuration list for PBXProject "CurrencyConvertorPOC" */;
			compatibilityVersion = "Xcode 3.2";
			developmentRegion = English;
			hasScannedForEncodings = 0;
			knownRegions = (
				en,
				Base,
			);
			mainGroup = F765B7C21FCDEF2E008DA19B;
			productRefGroup = F765B7CC1FCDEF2E008DA19B /* Products */;
			projectDirPath = "";
			projectRoot = "";
			targets = (
				F765B7CA1FCDEF2E008DA19B /* CurrencyConvertorPOC */,
				F765B7E11FCDEF2E008DA19B /* CurrencyConvertorPOCTests */,
				F765B7EC1FCDEF2E008DA19B /* CurrencyConvertorPOCUITests */,
			);
		};
/* End PBXProject section */

/* Begin PBXResourcesBuildPhase section */
		F765B7C91FCDEF2E008DA19B /* Resources */ = {
			isa = PBXResourcesBuildPhase;
			buildActionMask = 2147483647;
			files = (
				F765B7DC1FCDEF2E008DA19B /* LaunchScreen.storyboard in Resources */,
				F7C2DC8E1FCF5D34003733D7 /* CustomSliderView.xib in Resources */,
				F765B7D91FCDEF2E008DA19B /* Assets.xcassets in Resources */,
				F797B05C1FCF298300B5EF48 /* BalanceSummaryView.xib in Resources */,
				F765B7D41FCDEF2E008DA19B /* Main.storyboard in Resources */,
			);
			runOnlyForDeploymentPostprocessing = 0;
		};
		F765B7E01FCDEF2E008DA19B /* Resources */ = {
			isa = PBXResourcesBuildPhase;
			buildActionMask = 2147483647;
			files = (
			);
			runOnlyForDeploymentPostprocessing = 0;
		};
		F765B7EB1FCDEF2E008DA19B /* Resources */ = {
			isa = PBXResourcesBuildPhase;
			buildActionMask = 2147483647;
			files = (
			);
			runOnlyForDeploymentPostprocessing = 0;
		};
/* End PBXResourcesBuildPhase section */

/* Begin PBXShellScriptBuildPhase section */
		3B639699D2541105DB4E694E /* [CP] Embed Pods Frameworks */ = {
			isa = PBXShellScriptBuildPhase;
			buildActionMask = 2147483647;
			files = (
			);
			inputPaths = (
				"${SRCROOT}/Pods/Target Support Files/Pods-CurrencyConvertorPOC/Pods-CurrencyConvertorPOC-frameworks.sh",
				"${BUILT_PRODUCTS_DIR}/Alamofire/Alamofire.framework",
				"${BUILT_PRODUCTS_DIR}/FCAlertView/FCAlertView.framework",
				"${BUILT_PRODUCTS_DIR}/Unbox/Unbox.framework",
				"${BUILT_PRODUCTS_DIR}/UnboxedAlamofire/UnboxedAlamofire.framework",
			);
			name = "[CP] Embed Pods Frameworks";
			outputPaths = (
				"${TARGET_BUILD_DIR}/${FRAMEWORKS_FOLDER_PATH}/Alamofire.framework",
				"${TARGET_BUILD_DIR}/${FRAMEWORKS_FOLDER_PATH}/FCAlertView.framework",
				"${TARGET_BUILD_DIR}/${FRAMEWORKS_FOLDER_PATH}/Unbox.framework",
				"${TARGET_BUILD_DIR}/${FRAMEWORKS_FOLDER_PATH}/UnboxedAlamofire.framework",
			);
			runOnlyForDeploymentPostprocessing = 0;
			shellPath = /bin/sh;
			shellScript = "\"${SRCROOT}/Pods/Target Support Files/Pods-CurrencyConvertorPOC/Pods-CurrencyConvertorPOC-frameworks.sh\"\n";
			showEnvVarsInLog = 0;
		};
		85DFC8749715E0279CDED55D /* [CP] Copy Pods Resources */ = {
			isa = PBXShellScriptBuildPhase;
			buildActionMask = 2147483647;
			files = (
			);
			inputPaths = (
			);
			name = "[CP] Copy Pods Resources";
			outputPaths = (
			);
			runOnlyForDeploymentPostprocessing = 0;
			shellPath = /bin/sh;
			shellScript = "\"${SRCROOT}/Pods/Target Support Files/Pods-CurrencyConvertorPOC/Pods-CurrencyConvertorPOC-resources.sh\"\n";
			showEnvVarsInLog = 0;
		};
		D002183875BDF9003B58D3C1 /* [CP] Check Pods Manifest.lock */ = {
			isa = PBXShellScriptBuildPhase;
			buildActionMask = 2147483647;
			files = (
			);
			inputPaths = (
				"${PODS_PODFILE_DIR_PATH}/Podfile.lock",
				"${PODS_ROOT}/Manifest.lock",
			);
			name = "[CP] Check Pods Manifest.lock";
			outputPaths = (
				"$(DERIVED_FILE_DIR)/Pods-CurrencyConvertorPOC-checkManifestLockResult.txt",
			);
			runOnlyForDeploymentPostprocessing = 0;
			shellPath = /bin/sh;
			shellScript = "diff \"${PODS_PODFILE_DIR_PATH}/Podfile.lock\" \"${PODS_ROOT}/Manifest.lock\" > /dev/null\nif [ $? != 0 ] ; then\n    # print error to STDERR\n    echo \"error: The sandbox is not in sync with the Podfile.lock. Run 'pod install' or update your CocoaPods installation.\" >&2\n    exit 1\nfi\n# This output is used by Xcode 'outputs' to avoid re-running this script phase.\necho \"SUCCESS\" > \"${SCRIPT_OUTPUT_FILE_0}\"\n";
			showEnvVarsInLog = 0;
		};
/* End PBXShellScriptBuildPhase section */

/* Begin PBXSourcesBuildPhase section */
		F765B7C71FCDEF2E008DA19B /* Sources */ = {
			isa = PBXSourcesBuildPhase;
			buildActionMask = 2147483647;
			files = (
				F7C2DC901FCF5F2A003733D7 /* CustomSliderView.swift in Sources */,
				F797B05D1FCF298300B5EF48 /* BalanceSummaryViewModel.swift in Sources */,
				F7C2DC831FCF34BA003733D7 /* ServerAPIInteractor.swift in Sources */,
				F797B05B1FCF298300B5EF48 /* BalanceSummaryView.swift in Sources */,
				F7C2DC7E1FCF328D003733D7 /* Styler.swift in Sources */,
				F7C2DC941FCF61C7003733D7 /* CustomeSliderView+DataSource.swift in Sources */,
				F7C2DC891FCF3B38003733D7 /* ViewControllerPageViewModel.swift in Sources */,
				F797B05A1FCF298300B5EF48 /* BalanceSummaryView+DataSource.swift in Sources */,
				F765B7D71FCDEF2E008DA19B /* CurrencyConvertorPOC.xcdatamodeld in Sources */,
				F7C2DC851FCF3874003733D7 /* CurrencyTransactionManager.swift in Sources */,
				F7C2DC961FCF63D4003733D7 /* CustomSliderCell.swift in Sources */,
				F7C2DC7D1FCF328D003733D7 /* AppConstants.swift in Sources */,
				F7C2DC8B1FCF46E0003733D7 /* BalanceSummaryCell.swift in Sources */,
				F765B8221FCE21F5008DA19B /* ViewController.swift in Sources */,
				F7C2DC921FCF619F003733D7 /* CustomSliderViewModel.swift in Sources */,
				F765B7CF1FCDEF2E008DA19B /* AppDelegate.swift in Sources */,
				F7C2DC871FCF389D003733D7 /* SharedTransactionHistory.swift in Sources */,
			);
			runOnlyForDeploymentPostprocessing = 0;
		};
		F765B7DE1FCDEF2E008DA19B /* Sources */ = {
			isa = PBXSourcesBuildPhase;
			buildActionMask = 2147483647;
			files = (
				F765B7E71FCDEF2E008DA19B /* CurrencyConvertorPOCTests.swift in Sources */,
			);
			runOnlyForDeploymentPostprocessing = 0;
		};
		F765B7E91FCDEF2E008DA19B /* Sources */ = {
			isa = PBXSourcesBuildPhase;
			buildActionMask = 2147483647;
			files = (
				F765B7F21FCDEF2E008DA19B /* CurrencyConvertorPOCUITests.swift in Sources */,
			);
			runOnlyForDeploymentPostprocessing = 0;
		};
/* End PBXSourcesBuildPhase section */

/* Begin PBXTargetDependency section */
		F765B7E41FCDEF2E008DA19B /* PBXTargetDependency */ = {
			isa = PBXTargetDependency;
			target = F765B7CA1FCDEF2E008DA19B /* CurrencyConvertorPOC */;
			targetProxy = F765B7E31FCDEF2E008DA19B /* PBXContainerItemProxy */;
		};
		F765B7EF1FCDEF2E008DA19B /* PBXTargetDependency */ = {
			isa = PBXTargetDependency;
			target = F765B7CA1FCDEF2E008DA19B /* CurrencyConvertorPOC */;
			targetProxy = F765B7EE1FCDEF2E008DA19B /* PBXContainerItemProxy */;
		};
/* End PBXTargetDependency section */

/* Begin PBXVariantGroup section */
		F765B7D21FCDEF2E008DA19B /* Main.storyboard */ = {
			isa = PBXVariantGroup;
			children = (
				F765B7D31FCDEF2E008DA19B /* Base */,
			);
			name = Main.storyboard;
			sourceTree = "<group>";
		};
		F765B7DA1FCDEF2E008DA19B /* LaunchScreen.storyboard */ = {
			isa = PBXVariantGroup;
			children = (
				F765B7DB1FCDEF2E008DA19B /* Base */,
			);
			name = LaunchScreen.storyboard;
			sourceTree = "<group>";
		};
/* End PBXVariantGroup section */

/* Begin XCBuildConfiguration section */
		F765B7F41FCDEF2E008DA19B /* Debug */ = {
			isa = XCBuildConfiguration;
			buildSettings = {
				ALWAYS_SEARCH_USER_PATHS = NO;
				CLANG_ANALYZER_NONNULL = YES;
				CLANG_ANALYZER_NUMBER_OBJECT_CONVERSION = YES_AGGRESSIVE;
				CLANG_CXX_LANGUAGE_STANDARD = "gnu++0x";
				CLANG_CXX_LIBRARY = "libc++";
				CLANG_ENABLE_MODULES = YES;
				CLANG_ENABLE_OBJC_ARC = YES;
				CLANG_WARN_BOOL_CONVERSION = YES;
				CLANG_WARN_CONSTANT_CONVERSION = YES;
				CLANG_WARN_DIRECT_OBJC_ISA_USAGE = YES_ERROR;
				CLANG_WARN_DOCUMENTATION_COMMENTS = YES;
				CLANG_WARN_EMPTY_BODY = YES;
				CLANG_WARN_ENUM_CONVERSION = YES;
				CLANG_WARN_INFINITE_RECURSION = YES;
				CLANG_WARN_INT_CONVERSION = YES;
				CLANG_WARN_OBJC_ROOT_CLASS = YES_ERROR;
				CLANG_WARN_SUSPICIOUS_MOVE = YES;
				CLANG_WARN_UNREACHABLE_CODE = YES;
				CLANG_WARN__DUPLICATE_METHOD_MATCH = YES;
				"CODE_SIGN_IDENTITY[sdk=iphoneos*]" = "iPhone Developer";
				COPY_PHASE_STRIP = NO;
				DEBUG_INFORMATION_FORMAT = dwarf;
				ENABLE_STRICT_OBJC_MSGSEND = YES;
				ENABLE_TESTABILITY = YES;
				GCC_C_LANGUAGE_STANDARD = gnu99;
				GCC_DYNAMIC_NO_PIC = NO;
				GCC_NO_COMMON_BLOCKS = YES;
				GCC_OPTIMIZATION_LEVEL = 0;
				GCC_PREPROCESSOR_DEFINITIONS = (
					"DEBUG=1",
					"$(inherited)",
				);
				GCC_WARN_64_TO_32_BIT_CONVERSION = YES;
				GCC_WARN_ABOUT_RETURN_TYPE = YES_ERROR;
				GCC_WARN_UNDECLARED_SELECTOR = YES;
				GCC_WARN_UNINITIALIZED_AUTOS = YES_AGGRESSIVE;
				GCC_WARN_UNUSED_FUNCTION = YES;
				GCC_WARN_UNUSED_VARIABLE = YES;
				IPHONEOS_DEPLOYMENT_TARGET = 10.3;
				MTL_ENABLE_DEBUG_INFO = YES;
				ONLY_ACTIVE_ARCH = YES;
				SDKROOT = iphoneos;
				SWIFT_ACTIVE_COMPILATION_CONDITIONS = DEBUG;
				SWIFT_OPTIMIZATION_LEVEL = "-Onone";
				TARGETED_DEVICE_FAMILY = "1,2";
			};
			name = Debug;
		};
		F765B7F51FCDEF2E008DA19B /* Release */ = {
			isa = XCBuildConfiguration;
			buildSettings = {
				ALWAYS_SEARCH_USER_PATHS = NO;
				CLANG_ANALYZER_NONNULL = YES;
				CLANG_ANALYZER_NUMBER_OBJECT_CONVERSION = YES_AGGRESSIVE;
				CLANG_CXX_LANGUAGE_STANDARD = "gnu++0x";
				CLANG_CXX_LIBRARY = "libc++";
				CLANG_ENABLE_MODULES = YES;
				CLANG_ENABLE_OBJC_ARC = YES;
				CLANG_WARN_BOOL_CONVERSION = YES;
				CLANG_WARN_CONSTANT_CONVERSION = YES;
				CLANG_WARN_DIRECT_OBJC_ISA_USAGE = YES_ERROR;
				CLANG_WARN_DOCUMENTATION_COMMENTS = YES;
				CLANG_WARN_EMPTY_BODY = YES;
				CLANG_WARN_ENUM_CONVERSION = YES;
				CLANG_WARN_INFINITE_RECURSION = YES;
				CLANG_WARN_INT_CONVERSION = YES;
				CLANG_WARN_OBJC_ROOT_CLASS = YES_ERROR;
				CLANG_WARN_SUSPICIOUS_MOVE = YES;
				CLANG_WARN_UNREACHABLE_CODE = YES;
				CLANG_WARN__DUPLICATE_METHOD_MATCH = YES;
				"CODE_SIGN_IDENTITY[sdk=iphoneos*]" = "iPhone Developer";
				COPY_PHASE_STRIP = NO;
				DEBUG_INFORMATION_FORMAT = "dwarf-with-dsym";
				ENABLE_NS_ASSERTIONS = NO;
				ENABLE_STRICT_OBJC_MSGSEND = YES;
				GCC_C_LANGUAGE_STANDARD = gnu99;
				GCC_NO_COMMON_BLOCKS = YES;
				GCC_WARN_64_TO_32_BIT_CONVERSION = YES;
				GCC_WARN_ABOUT_RETURN_TYPE = YES_ERROR;
				GCC_WARN_UNDECLARED_SELECTOR = YES;
				GCC_WARN_UNINITIALIZED_AUTOS = YES_AGGRESSIVE;
				GCC_WARN_UNUSED_FUNCTION = YES;
				GCC_WARN_UNUSED_VARIABLE = YES;
				IPHONEOS_DEPLOYMENT_TARGET = 10.3;
				MTL_ENABLE_DEBUG_INFO = NO;
				SDKROOT = iphoneos;
				SWIFT_OPTIMIZATION_LEVEL = "-Owholemodule";
				TARGETED_DEVICE_FAMILY = "1,2";
				VALIDATE_PRODUCT = YES;
			};
			name = Release;
		};
		F765B7F71FCDEF2E008DA19B /* Debug */ = {
			isa = XCBuildConfiguration;
			baseConfigurationReference = 90230F8CBD8CA181C3E6FB93 /* Pods-CurrencyConvertorPOC.debug.xcconfig */;
			buildSettings = {
				ASSETCATALOG_COMPILER_APPICON_NAME = AppIcon;
				DEVELOPMENT_TEAM = 9858M75RBY;
				INFOPLIST_FILE = CurrencyConvertorPOC/Info.plist;
				LD_RUNPATH_SEARCH_PATHS = "$(inherited) @executable_path/Frameworks";
				PRODUCT_BUNDLE_IDENTIFIER = com.nicson.sample.convertor.CurrencyConvertorPOC;
				PRODUCT_NAME = "$(TARGET_NAME)";
				SWIFT_VERSION = 3.0;
			};
			name = Debug;
		};
		F765B7F81FCDEF2E008DA19B /* Release */ = {
			isa = XCBuildConfiguration;
			baseConfigurationReference = BA96F5C919BEF0B97685B876 /* Pods-CurrencyConvertorPOC.release.xcconfig */;
			buildSettings = {
				ASSETCATALOG_COMPILER_APPICON_NAME = AppIcon;
				DEVELOPMENT_TEAM = 9858M75RBY;
				INFOPLIST_FILE = CurrencyConvertorPOC/Info.plist;
				LD_RUNPATH_SEARCH_PATHS = "$(inherited) @executable_path/Frameworks";
				PRODUCT_BUNDLE_IDENTIFIER = com.nicson.sample.convertor.CurrencyConvertorPOC;
				PRODUCT_NAME = "$(TARGET_NAME)";
				SWIFT_VERSION = 3.0;
			};
			name = Release;
		};
		F765B7FA1FCDEF2E008DA19B /* Debug */ = {
			isa = XCBuildConfiguration;
			buildSettings = {
				ALWAYS_EMBED_SWIFT_STANDARD_LIBRARIES = YES;
				BUNDLE_LOADER = "$(TEST_HOST)";
				DEVELOPMENT_TEAM = 9858M75RBY;
				INFOPLIST_FILE = CurrencyConvertorPOCTests/Info.plist;
				LD_RUNPATH_SEARCH_PATHS = "$(inherited) @executable_path/Frameworks @loader_path/Frameworks";
				PRODUCT_BUNDLE_IDENTIFIER = com.nicson.sample.convertor.CurrencyConvertorPOCTests;
				PRODUCT_NAME = "$(TARGET_NAME)";
				SWIFT_VERSION = 3.0;
				TEST_HOST = "$(BUILT_PRODUCTS_DIR)/CurrencyConvertorPOC.app/CurrencyConvertorPOC";
			};
			name = Debug;
		};
		F765B7FB1FCDEF2E008DA19B /* Release */ = {
			isa = XCBuildConfiguration;
			buildSettings = {
				ALWAYS_EMBED_SWIFT_STANDARD_LIBRARIES = YES;
				BUNDLE_LOADER = "$(TEST_HOST)";
				DEVELOPMENT_TEAM = 9858M75RBY;
				INFOPLIST_FILE = CurrencyConvertorPOCTests/Info.plist;
				LD_RUNPATH_SEARCH_PATHS = "$(inherited) @executable_path/Frameworks @loader_path/Frameworks";
				PRODUCT_BUNDLE_IDENTIFIER = com.nicson.sample.convertor.CurrencyConvertorPOCTests;
				PRODUCT_NAME = "$(TARGET_NAME)";
				SWIFT_VERSION = 3.0;
				TEST_HOST = "$(BUILT_PRODUCTS_DIR)/CurrencyConvertorPOC.app/CurrencyConvertorPOC";
			};
			name = Release;
		};
		F765B7FD1FCDEF2E008DA19B /* Debug */ = {
			isa = XCBuildConfiguration;
			buildSettings = {
				ALWAYS_EMBED_SWIFT_STANDARD_LIBRARIES = YES;
				DEVELOPMENT_TEAM = 9858M75RBY;
				INFOPLIST_FILE = CurrencyConvertorPOCUITests/Info.plist;
				LD_RUNPATH_SEARCH_PATHS = "$(inherited) @executable_path/Frameworks @loader_path/Frameworks";
				PRODUCT_BUNDLE_IDENTIFIER = com.nicson.sample.convertor.CurrencyConvertorPOCUITests;
				PRODUCT_NAME = "$(TARGET_NAME)";
				SWIFT_VERSION = 3.0;
				TEST_TARGET_NAME = CurrencyConvertorPOC;
			};
			name = Debug;
		};
		F765B7FE1FCDEF2E008DA19B /* Release */ = {
			isa = XCBuildConfiguration;
			buildSettings = {
				ALWAYS_EMBED_SWIFT_STANDARD_LIBRARIES = YES;
				DEVELOPMENT_TEAM = 9858M75RBY;
				INFOPLIST_FILE = CurrencyConvertorPOCUITests/Info.plist;
				LD_RUNPATH_SEARCH_PATHS = "$(inherited) @executable_path/Frameworks @loader_path/Frameworks";
				PRODUCT_BUNDLE_IDENTIFIER = com.nicson.sample.convertor.CurrencyConvertorPOCUITests;
				PRODUCT_NAME = "$(TARGET_NAME)";
				SWIFT_VERSION = 3.0;
				TEST_TARGET_NAME = CurrencyConvertorPOC;
			};
			name = Release;
		};
/* End XCBuildConfiguration section */

/* Begin XCConfigurationList section */
		F765B7C61FCDEF2E008DA19B /* Build configuration list for PBXProject "CurrencyConvertorPOC" */ = {
			isa = XCConfigurationList;
			buildConfigurations = (
				F765B7F41FCDEF2E008DA19B /* Debug */,
				F765B7F51FCDEF2E008DA19B /* Release */,
			);
			defaultConfigurationIsVisible = 0;
			defaultConfigurationName = Release;
		};
		F765B7F61FCDEF2E008DA19B /* Build configuration list for PBXNativeTarget "CurrencyConvertorPOC" */ = {
			isa = XCConfigurationList;
			buildConfigurations = (
				F765B7F71FCDEF2E008DA19B /* Debug */,
				F765B7F81FCDEF2E008DA19B /* Release */,
			);
			defaultConfigurationIsVisible = 0;
			defaultConfigurationName = Release;
		};
		F765B7F91FCDEF2E008DA19B /* Build configuration list for PBXNativeTarget "CurrencyConvertorPOCTests" */ = {
			isa = XCConfigurationList;
			buildConfigurations = (
				F765B7FA1FCDEF2E008DA19B /* Debug */,
				F765B7FB1FCDEF2E008DA19B /* Release */,
			);
			defaultConfigurationIsVisible = 0;
			defaultConfigurationName = Release;
		};
		F765B7FC1FCDEF2E008DA19B /* Build configuration list for PBXNativeTarget "CurrencyConvertorPOCUITests" */ = {
			isa = XCConfigurationList;
			buildConfigurations = (
				F765B7FD1FCDEF2E008DA19B /* Debug */,
				F765B7FE1FCDEF2E008DA19B /* Release */,
			);
			defaultConfigurationIsVisible = 0;
			defaultConfigurationName = Release;
		};
/* End XCConfigurationList section */

/* Begin XCVersionGroup section */
		F765B7D51FCDEF2E008DA19B /* CurrencyConvertorPOC.xcdatamodeld */ = {
			isa = XCVersionGroup;
			children = (
				F765B7D61FCDEF2E008DA19B /* CurrencyConvertorPOC.xcdatamodel */,
			);
			currentVersion = F765B7D61FCDEF2E008DA19B /* CurrencyConvertorPOC.xcdatamodel */;
			path = CurrencyConvertorPOC.xcdatamodeld;
			sourceTree = "<group>";
			versionGroupType = wrapper.xcdatamodel;
		};
/* End XCVersionGroup section */
	};
	rootObject = F765B7C31FCDEF2E008DA19B /* Project object */;
}
